
Microsoft Visual Studio Solution File, Format Version 12.00
# Visual Studio Version 17
VisualStudioVersion = 17.0.31903.59
MinimumVisualStudioVersion = 10.0.40219.1
Project("{FAE04EC0-301F-11D3-BF4B-00C04F79EFBC}") = "ProEventos.Application", "ProEventos.Application\ProEventos.Application.csproj", "{6C7339F5-142C-4155-8802-685B253BBF1C}"
EndProject
Project("{FAE04EC0-301F-11D3-BF4B-00C04F79EFBC}") = "ProEventos.Domain", "ProEventos.Domain\ProEventos.Domain.csproj", "{BA2750C7-FA7D-47BE-9CAD-CAF954F73DD1}"
EndProject
Project("{FAE04EC0-301F-11D3-BF4B-00C04F79EFBC}") = "ProEventos.API", "ProEventos.API\ProEventos.API.csproj", "{F8F07DB3-7ECB-4B21-BA5A-C1F59649D0F2}"
EndProject
Project("{FAE04EC0-301F-11D3-BF4B-00C04F79EFBC}") = "ProEventos.Persistence", "ProEventos.Persistence\ProEventos.Persistence.csproj", "{546F6A1B-59E4-493F-AFDA-99EA007E4E6E}"
EndProject
Global
	GlobalSection(SolutionConfigurationPlatforms) = preSolution
		Debug|Any CPU = Debug|Any CPU
		Release|Any CPU = Release|Any CPU
	EndGlobalSection
	GlobalSection(SolutionProperties) = preSolution
		HideSolutionNode = FALSE
	EndGlobalSection
	GlobalSection(ProjectConfigurationPlatforms) = postSolution
		{6C7339F5-142C-4155-8802-685B253BBF1C}.Debug|Any CPU.ActiveCfg = Debug|Any CPU
		{6C7339F5-142C-4155-8802-685B253BBF1C}.Debug|Any CPU.Build.0 = Debug|Any CPU
		{6C7339F5-142C-4155-8802-685B253BBF1C}.Release|Any CPU.ActiveCfg = Release|Any CPU
		{6C7339F5-142C-4155-8802-685B253BBF1C}.Release|Any CPU.Build.0 = Release|Any CPU
		{BA2750C7-FA7D-47BE-9CAD-CAF954F73DD1}.Debug|Any CPU.ActiveCfg = Debug|Any CPU
		{BA2750C7-FA7D-47BE-9CAD-CAF954F73DD1}.Debug|Any CPU.Build.0 = Debug|Any CPU
		{BA2750C7-FA7D-47BE-9CAD-CAF954F73DD1}.Release|Any CPU.ActiveCfg = Release|Any CPU
		{BA2750C7-FA7D-47BE-9CAD-CAF954F73DD1}.Release|Any CPU.Build.0 = Release|Any CPU
		{F8F07DB3-7ECB-4B21-BA5A-C1F59649D0F2}.Debug|Any CPU.ActiveCfg = Debug|Any CPU
		{F8F07DB3-7ECB-4B21-BA5A-C1F59649D0F2}.Debug|Any CPU.Build.0 = Debug|Any CPU
		{F8F07DB3-7ECB-4B21-BA5A-C1F59649D0F2}.Release|Any CPU.ActiveCfg = Release|Any CPU
		{F8F07DB3-7ECB-4B21-BA5A-C1F59649D0F2}.Release|Any CPU.Build.0 = Release|Any CPU
		{546F6A1B-59E4-493F-AFDA-99EA007E4E6E}.Debug|Any CPU.ActiveCfg = Debug|Any CPU
		{546F6A1B-59E4-493F-AFDA-99EA007E4E6E}.Debug|Any CPU.Build.0 = Debug|Any CPU
		{546F6A1B-59E4-493F-AFDA-99EA007E4E6E}.Release|Any CPU.ActiveCfg = Release|Any CPU
		{546F6A1B-59E4-493F-AFDA-99EA007E4E6E}.Release|Any CPU.Build.0 = Release|Any CPU
	EndGlobalSection
EndGlobal
